// !$*UTF8*$!
{
	archiveVersion = 1;
	classes = {
	};
	objectVersion = 46;
	objects = {

/* Begin PBXBuildFile section */
		577975151C71323A003C12B3 /* AppDelegate.swift in Sources */ = {isa = PBXBuildFile; fileRef = 577975141C71323A003C12B3 /* AppDelegate.swift */; };
		577975171C71323A003C12B3 /* LoginViewController.swift in Sources */ = {isa = PBXBuildFile; fileRef = 577975161C71323A003C12B3 /* LoginViewController.swift */; };
		5779751A1C71323A003C12B3 /* Main.storyboard in Resources */ = {isa = PBXBuildFile; fileRef = 577975181C71323A003C12B3 /* Main.storyboard */; };
		5779751C1C71323A003C12B3 /* Assets.xcassets in Resources */ = {isa = PBXBuildFile; fileRef = 5779751B1C71323A003C12B3 /* Assets.xcassets */; };
		5779751F1C71323A003C12B3 /* LaunchScreen.storyboard in Resources */ = {isa = PBXBuildFile; fileRef = 5779751D1C71323A003C12B3 /* LaunchScreen.storyboard */; };
		5779752A1C7139AE003C12B3 /* TwitterClient.swift in Sources */ = {isa = PBXBuildFile; fileRef = 577975291C7139AE003C12B3 /* TwitterClient.swift */; };
		579D6B891C7FDD61003BA2C6 /* like-action.png in Resources */ = {isa = PBXBuildFile; fileRef = 579D6B881C7FDD61003BA2C6 /* like-action.png */; };
		579D6B8D1C7FDD6C003BA2C6 /* like-action-on.png in Resources */ = {isa = PBXBuildFile; fileRef = 579D6B8A1C7FDD6C003BA2C6 /* like-action-on.png */; };
		579D6B8E1C7FDD6C003BA2C6 /* retweet-action.png in Resources */ = {isa = PBXBuildFile; fileRef = 579D6B8B1C7FDD6C003BA2C6 /* retweet-action.png */; };
		579D6B8F1C7FDD6C003BA2C6 /* retweet-action-on.png in Resources */ = {isa = PBXBuildFile; fileRef = 579D6B8C1C7FDD6C003BA2C6 /* retweet-action-on.png */; };
		57A9DC281C79C43E00A37BA7 /* TweetCell.swift in Sources */ = {isa = PBXBuildFile; fileRef = 57A9DC271C79C43E00A37BA7 /* TweetCell.swift */; };
		57BC36931C73F64500031163 /* User.swift in Sources */ = {isa = PBXBuildFile; fileRef = 57BC36921C73F64500031163 /* User.swift */; };
		57BC36951C73F65C00031163 /* Tweet.swift in Sources */ = {isa = PBXBuildFile; fileRef = 57BC36941C73F65C00031163 /* Tweet.swift */; };
		57D411641C7D30CB00C20D57 /* ProfileDetailViewController.swift in Sources */ = {isa = PBXBuildFile; fileRef = 57D411631C7D30CB00C20D57 /* ProfileDetailViewController.swift */; };
		57D411661C7D30DC00C20D57 /* TweetDetailViewController.swift in Sources */ = {isa = PBXBuildFile; fileRef = 57D411651C7D30DC00C20D57 /* TweetDetailViewController.swift */; };
		57E4B0CC1C7985E50000F751 /* TweetsViewController.swift in Sources */ = {isa = PBXBuildFile; fileRef = 57E4B0CB1C7985E50000F751 /* TweetsViewController.swift */; };
		9A22E1DBFFF8BFF65AF512E5 /* Pods.framework in Frameworks */ = {isa = PBXBuildFile; fileRef = E5005CEFD998937C71B214C0 /* Pods.framework */; };
/* End PBXBuildFile section */

/* Begin PBXFileReference section */
		170A5EB2764F8E268F6A27CF /* Pods.release.xcconfig */ = {isa = PBXFileReference; includeInIndex = 1; lastKnownFileType = text.xcconfig; name = Pods.release.xcconfig; path = "Pods/Target Support Files/Pods/Pods.release.xcconfig"; sourceTree = "<group>"; };
		577975111C713239003C12B3 /* Twitter.app */ = {isa = PBXFileReference; explicitFileType = wrapper.application; includeInIndex = 0; path = Twitter.app; sourceTree = BUILT_PRODUCTS_DIR; };
		577975141C71323A003C12B3 /* AppDelegate.swift */ = {isa = PBXFileReference; lastKnownFileType = sourcecode.swift; path = AppDelegate.swift; sourceTree = "<group>"; };
		577975161C71323A003C12B3 /* LoginViewController.swift */ = {isa = PBXFileReference; lastKnownFileType = sourcecode.swift; path = LoginViewController.swift; sourceTree = "<group>"; };
		577975191C71323A003C12B3 /* Base */ = {isa = PBXFileReference; lastKnownFileType = file.storyboard; name = Base; path = Base.lproj/Main.storyboard; sourceTree = "<group>"; };
		5779751B1C71323A003C12B3 /* Assets.xcassets */ = {isa = PBXFileReference; lastKnownFileType = folder.assetcatalog; path = Assets.xcassets; sourceTree = "<group>"; };
		5779751E1C71323A003C12B3 /* Base */ = {isa = PBXFileReference; lastKnownFileType = file.storyboard; name = Base; path = Base.lproj/LaunchScreen.storyboard; sourceTree = "<group>"; };
		577975201C71323A003C12B3 /* Info.plist */ = {isa = PBXFileReference; lastKnownFileType = text.plist.xml; path = Info.plist; sourceTree = "<group>"; };
		577975291C7139AE003C12B3 /* TwitterClient.swift */ = {isa = PBXFileReference; fileEncoding = 4; lastKnownFileType = sourcecode.swift; path = TwitterClient.swift; sourceTree = "<group>"; };
		579D6B881C7FDD61003BA2C6 /* like-action.png */ = {isa = PBXFileReference; lastKnownFileType = image.png; name = "like-action.png"; path = "../../../../like-action.png"; sourceTree = "<group>"; };
		579D6B8A1C7FDD6C003BA2C6 /* like-action-on.png */ = {isa = PBXFileReference; lastKnownFileType = image.png; name = "like-action-on.png"; path = "../../../../like-action-on.png"; sourceTree = "<group>"; };
		579D6B8B1C7FDD6C003BA2C6 /* retweet-action.png */ = {isa = PBXFileReference; lastKnownFileType = image.png; name = "retweet-action.png"; path = "../../../../retweet-action.png"; sourceTree = "<group>"; };
		579D6B8C1C7FDD6C003BA2C6 /* retweet-action-on.png */ = {isa = PBXFileReference; lastKnownFileType = image.png; name = "retweet-action-on.png"; path = "../../../../retweet-action-on.png"; sourceTree = "<group>"; };
		57A9DC271C79C43E00A37BA7 /* TweetCell.swift */ = {isa = PBXFileReference; fileEncoding = 4; lastKnownFileType = sourcecode.swift; path = TweetCell.swift; sourceTree = "<group>"; };
		57BC36921C73F64500031163 /* User.swift */ = {isa = PBXFileReference; fileEncoding = 4; lastKnownFileType = sourcecode.swift; path = User.swift; sourceTree = "<group>"; };
		57BC36941C73F65C00031163 /* Tweet.swift */ = {isa = PBXFileReference; fileEncoding = 4; lastKnownFileType = sourcecode.swift; path = Tweet.swift; sourceTree = "<group>"; };
		57D411631C7D30CB00C20D57 /* ProfileDetailViewController.swift */ = {isa = PBXFileReference; fileEncoding = 4; lastKnownFileType = sourcecode.swift; path = ProfileDetailViewController.swift; sourceTree = "<group>"; };
		57D411651C7D30DC00C20D57 /* TweetDetailViewController.swift */ = {isa = PBXFileReference; fileEncoding = 4; lastKnownFileType = sourcecode.swift; path = TweetDetailViewController.swift; sourceTree = "<group>"; };
		57E4B0CB1C7985E50000F751 /* TweetsViewController.swift */ = {isa = PBXFileReference; fileEncoding = 4; lastKnownFileType = sourcecode.swift; path = TweetsViewController.swift; sourceTree = "<group>"; };
		D59FD4EB076281B8CC601D10 /* Pods.debug.xcconfig */ = {isa = PBXFileReference; includeInIndex = 1; lastKnownFileType = text.xcconfig; name = Pods.debug.xcconfig; path = "Pods/Target Support Files/Pods/Pods.debug.xcconfig"; sourceTree = "<group>"; };
		E5005CEFD998937C71B214C0 /* Pods.framework */ = {isa = PBXFileReference; explicitFileType = wrapper.framework; includeInIndex = 0; path = Pods.framework; sourceTree = BUILT_PRODUCTS_DIR; };
/* End PBXFileReference section */

/* Begin PBXFrameworksBuildPhase section */
		5779750E1C713239003C12B3 /* Frameworks */ = {
			isa = PBXFrameworksBuildPhase;
			buildActionMask = 2147483647;
			files = (
				9A22E1DBFFF8BFF65AF512E5 /* Pods.framework in Frameworks */,
			);
			runOnlyForDeploymentPostprocessing = 0;
		};
/* End PBXFrameworksBuildPhase section */

/* Begin PBXGroup section */
		577975081C713239003C12B3 = {
			isa = PBXGroup;
			children = (
				577975131C713239003C12B3 /* Twitter */,
				577975121C713239003C12B3 /* Products */,
				D1170BC3B46D87A2C586E7E2 /* Pods */,
				7423CFAA143E688DD93495BB /* Frameworks */,
			);
			sourceTree = "<group>";
		};
		577975121C713239003C12B3 /* Products */ = {
			isa = PBXGroup;
			children = (
				577975111C713239003C12B3 /* Twitter.app */,
			);
			name = Products;
			sourceTree = "<group>";
		};
		577975131C713239003C12B3 /* Twitter */ = {
			isa = PBXGroup;
			children = (
				57A9DC261C79C42500A37BA7 /* Views */,
				57BC36961C73FE6000031163 /* API */,
				57E4B0CA1C7985C10000F751 /* View Controllers */,
				57BC36911C73F63100031163 /* Model */,
				577975141C71323A003C12B3 /* AppDelegate.swift */,
				577975181C71323A003C12B3 /* Main.storyboard */,
				5779751B1C71323A003C12B3 /* Assets.xcassets */,
				579D6B8A1C7FDD6C003BA2C6 /* like-action-on.png */,
				579D6B8B1C7FDD6C003BA2C6 /* retweet-action.png */,
				579D6B8C1C7FDD6C003BA2C6 /* retweet-action-on.png */,
				579D6B881C7FDD61003BA2C6 /* like-action.png */,
				5779751D1C71323A003C12B3 /* LaunchScreen.storyboard */,
				577975201C71323A003C12B3 /* Info.plist */,
			);
			path = Twitter;
			sourceTree = "<group>";
		};
		57A9DC261C79C42500A37BA7 /* Views */ = {
			isa = PBXGroup;
			children = (
				57A9DC271C79C43E00A37BA7 /* TweetCell.swift */,
			);
			name = Views;
			sourceTree = "<group>";
		};
		57BC36911C73F63100031163 /* Model */ = {
			isa = PBXGroup;
			children = (
				57BC36921C73F64500031163 /* User.swift */,
				57BC36941C73F65C00031163 /* Tweet.swift */,
			);
			name = Model;
			sourceTree = "<group>";
		};
		57BC36961C73FE6000031163 /* API */ = {
			isa = PBXGroup;
			children = (
				577975291C7139AE003C12B3 /* TwitterClient.swift */,
			);
			name = API;
			sourceTree = "<group>";
		};
		57E4B0CA1C7985C10000F751 /* View Controllers */ = {
			isa = PBXGroup;
			children = (
				577975161C71323A003C12B3 /* LoginViewController.swift */,
				57E4B0CB1C7985E50000F751 /* TweetsViewController.swift */,
				57D411631C7D30CB00C20D57 /* ProfileDetailViewController.swift */,
				57D411651C7D30DC00C20D57 /* TweetDetailViewController.swift */,
			);
			name = "View Controllers";
			sourceTree = "<group>";
		};
		7423CFAA143E688DD93495BB /* Frameworks */ = {
			isa = PBXGroup;
			children = (
				E5005CEFD998937C71B214C0 /* Pods.framework */,
			);
			name = Frameworks;
			sourceTree = "<group>";
		};
		D1170BC3B46D87A2C586E7E2 /* Pods */ = {
			isa = PBXGroup;
			children = (
				D59FD4EB076281B8CC601D10 /* Pods.debug.xcconfig */,
				170A5EB2764F8E268F6A27CF /* Pods.release.xcconfig */,
			);
			name = Pods;
			sourceTree = "<group>";
		};
/* End PBXGroup section */

/* Begin PBXNativeTarget section */
		577975101C713239003C12B3 /* Twitter */ = {
			isa = PBXNativeTarget;
			buildConfigurationList = 577975231C71323A003C12B3 /* Build configuration list for PBXNativeTarget "Twitter" */;
			buildPhases = (
				BB91CE3A95666AAB9D936376 /* Check Pods Manifest.lock */,
				5779750D1C713239003C12B3 /* Sources */,
				5779750E1C713239003C12B3 /* Frameworks */,
				5779750F1C713239003C12B3 /* Resources */,
				9E50EF8D22898FC21B838860 /* Embed Pods Frameworks */,
				3B9A0262019A6DB37040C6FC /* Copy Pods Resources */,
			);
			buildRules = (
			);
			dependencies = (
			);
			name = Twitter;
			productName = Twitter;
			productReference = 577975111C713239003C12B3 /* Twitter.app */;
			productType = "com.apple.product-type.application";
		};
/* End PBXNativeTarget section */

/* Begin PBXProject section */
		577975091C713239003C12B3 /* Project object */ = {
			isa = PBXProject;
			attributes = {
				LastSwiftUpdateCheck = 0720;
				LastUpgradeCheck = 0720;
				ORGANIZATIONNAME = "Victor Li Wang";
				TargetAttributes = {
					577975101C713239003C12B3 = {
						CreatedOnToolsVersion = 7.2;
					};
				};
			};
			buildConfigurationList = 5779750C1C713239003C12B3 /* Build configuration list for PBXProject "Twitter" */;
			compatibilityVersion = "Xcode 3.2";
			developmentRegion = English;
			hasScannedForEncodings = 0;
			knownRegions = (
				en,
				Base,
			);
			mainGroup = 577975081C713239003C12B3;
			productRefGroup = 577975121C713239003C12B3 /* Products */;
			projectDirPath = "";
			projectRoot = "";
			targets = (
				577975101C713239003C12B3 /* Twitter */,
			);
		};
/* End PBXProject section */

/* Begin PBXResourcesBuildPhase section */
		5779750F1C713239003C12B3 /* Resources */ = {
			isa = PBXResourcesBuildPhase;
			buildActionMask = 2147483647;
			files = (
				579D6B8E1C7FDD6C003BA2C6 /* retweet-action.png in Resources */,
				5779751F1C71323A003C12B3 /* LaunchScreen.storyboard in Resources */,
				5779751C1C71323A003C12B3 /* Assets.xcassets in Resources */,
				579D6B8F1C7FDD6C003BA2C6 /* retweet-action-on.png in Resources */,
				579D6B891C7FDD61003BA2C6 /* like-action.png in Resources */,
				5779751A1C71323A003C12B3 /* Main.storyboard in Resources */,
				579D6B8D1C7FDD6C003BA2C6 /* like-action-on.png in Resources */,
			);
			runOnlyForDeploymentPostprocessing = 0;
		};
/* End PBXResourcesBuildPhase section */

/* Begin PBXShellScriptBuildPhase section */
		3B9A0262019A6DB37040C6FC /* Copy Pods Resources */ = {
			isa = PBXShellScriptBuildPhase;
			buildActionMask = 2147483647;
			files = (
			);
			inputPaths = (
			);
			name = "Copy Pods Resources";
			outputPaths = (
			);
			runOnlyForDeploymentPostprocessing = 0;
			shellPath = /bin/sh;
			shellScript = "\"${SRCROOT}/Pods/Target Support Files/Pods/Pods-resources.sh\"\n";
			showEnvVarsInLog = 0;
		};
		9E50EF8D22898FC21B838860 /* Embed Pods Frameworks */ = {
			isa = PBXShellScriptBuildPhase;
			buildActionMask = 2147483647;
			files = (
			);
			inputPaths = (
			);
			name = "Embed Pods Frameworks";
			outputPaths = (
			);
			runOnlyForDeploymentPostprocessing = 0;
			shellPath = /bin/sh;
			shellScript = "\"${SRCROOT}/Pods/Target Support Files/Pods/Pods-frameworks.sh\"\n";
			showEnvVarsInLog = 0;
		};
		BB91CE3A95666AAB9D936376 /* Check Pods Manifest.lock */ = {
			isa = PBXShellScriptBuildPhase;
			buildActionMask = 2147483647;
			files = (
			);
			inputPaths = (
			);
			name = "Check Pods Manifest.lock";
			outputPaths = (
			);
			runOnlyForDeploymentPostprocessing = 0;
			shellPath = /bin/sh;
			shellScript = "diff \"${PODS_ROOT}/../Podfile.lock\" \"${PODS_ROOT}/Manifest.lock\" > /dev/null\nif [[ $? != 0 ]] ; then\n    cat << EOM\nerror: The sandbox is not in sync with the Podfile.lock. Run 'pod install' or update your CocoaPods installation.\nEOM\n    exit 1\nfi\n";
			showEnvVarsInLog = 0;
		};
/* End PBXShellScriptBuildPhase section */

/* Begin PBXSourcesBuildPhase section */
		5779750D1C713239003C12B3 /* Sources */ = {
			isa = PBXSourcesBuildPhase;
			buildActionMask = 2147483647;
			files = (
				57BC36931C73F64500031163 /* User.swift in Sources */,
				57A9DC281C79C43E00A37BA7 /* TweetCell.swift in Sources */,
				57D411661C7D30DC00C20D57 /* TweetDetailViewController.swift in Sources */,
				57BC36951C73F65C00031163 /* Tweet.swift in Sources */,
				57E4B0CC1C7985E50000F751 /* TweetsViewController.swift in Sources */,
				577975171C71323A003C12B3 /* LoginViewController.swift in Sources */,
				57D411641C7D30CB00C20D57 /* ProfileDetailViewController.swift in Sources */,
				5779752A1C7139AE003C12B3 /* TwitterClient.swift in Sources */,
				577975151C71323A003C12B3 /* AppDelegate.swift in Sources */,
			);
			runOnlyForDeploymentPostprocessing = 0;
		};
/* End PBXSourcesBuildPhase section */

/* Begin PBXVariantGroup section */
		577975181C71323A003C12B3 /* Main.storyboard */ = {
			isa = PBXVariantGroup;
			children = (
				577975191C71323A003C12B3 /* Base */,
			);
			name = Main.storyboard;
			sourceTree = "<group>";
		};
		5779751D1C71323A003C12B3 /* LaunchScreen.storyboard */ = {
			isa = PBXVariantGroup;
			children = (
				5779751E1C71323A003C12B3 /* Base */,
			);
			name = LaunchScreen.storyboard;
			sourceTree = "<group>";
		};
/* End PBXVariantGroup section */

/* Begin XCBuildConfiguration section */
		577975211C71323A003C12B3 /* Debug */ = {
			isa = XCBuildConfiguration;
			buildSettings = {
				ALWAYS_SEARCH_USER_PATHS = NO;
				CLANG_CXX_LANGUAGE_STANDARD = "gnu++0x";
				CLANG_CXX_LIBRARY = "libc++";
				CLANG_ENABLE_MODULES = YES;
				CLANG_ENABLE_OBJC_ARC = YES;
				CLANG_WARN_BOOL_CONVERSION = YES;
				CLANG_WARN_CONSTANT_CONVERSION = YES;
				CLANG_WARN_DIRECT_OBJC_ISA_USAGE = YES_ERROR;
				CLANG_WARN_EMPTY_BODY = YES;
				CLANG_WARN_ENUM_CONVERSION = YES;
				CLANG_WARN_INT_CONVERSION = YES;
				CLANG_WARN_OBJC_ROOT_CLASS = YES_ERROR;
				CLANG_WARN_UNREACHABLE_CODE = YES;
				CLANG_WARN__DUPLICATE_METHOD_MATCH = YES;
				"CODE_SIGN_IDENTITY[sdk=iphoneos*]" = "iPhone Developer";
				COPY_PHASE_STRIP = NO;
				DEBUG_INFORMATION_FORMAT = dwarf;
				ENABLE_STRICT_OBJC_MSGSEND = YES;
				ENABLE_TESTABILITY = YES;
				GCC_C_LANGUAGE_STANDARD = gnu99;
				GCC_DYNAMIC_NO_PIC = NO;
				GCC_NO_COMMON_BLOCKS = YES;
				GCC_OPTIMIZATION_LEVEL = 0;
				GCC_PREPROCESSOR_DEFINITIONS = (
					"DEBUG=1",
					"$(inherited)",
				);
				GCC_WARN_64_TO_32_BIT_CONVERSION = YES;
				GCC_WARN_ABOUT_RETURN_TYPE = YES_ERROR;
				GCC_WARN_UNDECLARED_SELECTOR = YES;
				GCC_WARN_UNINITIALIZED_AUTOS = YES_AGGRESSIVE;
				GCC_WARN_UNUSED_FUNCTION = YES;
				GCC_WARN_UNUSED_VARIABLE = YES;
				IPHONEOS_DEPLOYMENT_TARGET = 9.2;
				MTL_ENABLE_DEBUG_INFO = YES;
				ONLY_ACTIVE_ARCH = YES;
				SDKROOT = iphoneos;
				SWIFT_OPTIMIZATION_LEVEL = "-Onone";
			};
			name = Debug;
		};
		577975221C71323A003C12B3 /* Release */ = {
			isa = XCBuildConfiguration;
			buildSettings = {
				ALWAYS_SEARCH_USER_PATHS = NO;
				CLANG_CXX_LANGUAGE_STANDARD = "gnu++0x";
				CLANG_CXX_LIBRARY = "libc++";
				CLANG_ENABLE_MODULES = YES;
				CLANG_ENABLE_OBJC_ARC = YES;
				CLANG_WARN_BOOL_CONVERSION = YES;
				CLANG_WARN_CONSTANT_CONVERSION = YES;
				CLANG_WARN_DIRECT_OBJC_ISA_USAGE = YES_ERROR;
				CLANG_WARN_EMPTY_BODY = YES;
				CLANG_WARN_ENUM_CONVERSION = YES;
				CLANG_WARN_INT_CONVERSION = YES;
				CLANG_WARN_OBJC_ROOT_CLASS = YES_ERROR;
				CLANG_WARN_UNREACHABLE_CODE = YES;
				CLANG_WARN__DUPLICATE_METHOD_MATCH = YES;
				"CODE_SIGN_IDENTITY[sdk=iphoneos*]" = "iPhone Developer";
				COPY_PHASE_STRIP = NO;
				DEBUG_INFORMATION_FORMAT = "dwarf-with-dsym";
				ENABLE_NS_ASSERTIONS = NO;
				ENABLE_STRICT_OBJC_MSGSEND = YES;
				GCC_C_LANGUAGE_STANDARD = gnu99;
				GCC_NO_COMMON_BLOCKS = YES;
				GCC_WARN_64_TO_32_BIT_CONVERSION = YES;
				GCC_WARN_ABOUT_RETURN_TYPE = YES_ERROR;
				GCC_WARN_UNDECLARED_SELECTOR = YES;
				GCC_WARN_UNINITIALIZED_AUTOS = YES_AGGRESSIVE;
				GCC_WARN_UNUSED_FUNCTION = YES;
				GCC_WARN_UNUSED_VARIABLE = YES;
				IPHONEOS_DEPLOYMENT_TARGET = 9.2;
				MTL_ENABLE_DEBUG_INFO = NO;
				SDKROOT = iphoneos;
				VALIDATE_PRODUCT = YES;
			};
			name = Release;
		};
		577975241C71323A003C12B3 /* Debug */ = {
			isa = XCBuildConfiguration;
			baseConfigurationReference = D59FD4EB076281B8CC601D10 /* Pods.debug.xcconfig */;
			buildSettings = {
				ASSETCATALOG_COMPILER_APPICON_NAME = AppIcon;
				CLANG_ENABLE_MODULES = YES;
				INFOPLIST_FILE = Twitter/Info.plist;
				LD_RUNPATH_SEARCH_PATHS = "$(inherited) @executable_path/Frameworks";
				PRODUCT_BUNDLE_IDENTIFIER = com.codepath.Twitter;
				PRODUCT_NAME = "$(TARGET_NAME)";
				SWIFT_OPTIMIZATION_LEVEL = "-Onone";
			};
			name = Debug;
		};
		577975251C71323A003C12B3 /* Release */ = {
			isa = XCBuildConfiguration;
			baseConfigurationReference = 170A5EB2764F8E268F6A27CF /* Pods.release.xcconfig */;
			buildSettings = {
				ASSETCATALOG_COMPILER_APPICON_NAME = AppIcon;
				CLANG_ENABLE_MODULES = YES;
				INFOPLIST_FILE = Twitter/Info.plist;
				LD_RUNPATH_SEARCH_PATHS = "$(inherited) @executable_path/Frameworks";
				PRODUCT_BUNDLE_IDENTIFIER = com.codepath.Twitter;
				PRODUCT_NAME = "$(TARGET_NAME)";
			};
			name = Release;
		};
/* End XCBuildConfiguration section */

/* Begin XCConfigurationList section */
		5779750C1C713239003C12B3 /* Build configuration list for PBXProject "Twitter" */ = {
			isa = XCConfigurationList;
			buildConfigurations = (
				577975211C71323A003C12B3 /* Debug */,
				577975221C71323A003C12B3 /* Release */,
			);
			defaultConfigurationIsVisible = 0;
			defaultConfigurationName = Release;
		};
		577975231C71323A003C12B3 /* Build configuration list for PBXNativeTarget "Twitter" */ = {
			isa = XCConfigurationList;
			buildConfigurations = (
				577975241C71323A003C12B3 /* Debug */,
				577975251C71323A003C12B3 /* Release */,
			);
			defaultConfigurationIsVisible = 0;
			defaultConfigurationName = Release;
		};
/* End XCConfigurationList section */
	};
	rootObject = 577975091C713239003C12B3 /* Project object */;
}
